// !$*UTF8*$!
{
	archiveVersion = 1;
	classes = {
	};
	objectVersion = 56;
	objects = {

/* Begin PBXBuildFile section */
		000C68822E6A119E00A25BBA /* StudioGhibli_2_0App.swift in Sources */ = {isa = PBXBuildFile; fileRef = 000C68812E6A119E00A25BBA /* StudioGhibli_2_0App.swift */; };
		000C68842E6A119E00A25BBA /* ContentView.swift in Sources */ = {isa = PBXBuildFile; fileRef = 000C68832E6A119E00A25BBA /* ContentView.swift */; };
		000C68862E6A11A000A25BBA /* Assets.xcassets in Resources */ = {isa = PBXBuildFile; fileRef = 000C68852E6A11A000A25BBA /* Assets.xcassets */; };
		000C68892E6A11A000A25BBA /* Preview Assets.xcassets in Resources */ = {isa = PBXBuildFile; fileRef = 000C68882E6A11A000A25BBA /* Preview Assets.xcassets */; };
		0075FA802E6B6FDD0004540A /* MovieRowView.swift in Sources */ = {isa = PBXBuildFile; fileRef = 0075FA7F2E6B6FDD0004540A /* MovieRowView.swift */; };
		00AD98AB2E6A1DBC007DA79A /* MovieAPIModel.swift in Sources */ = {isa = PBXBuildFile; fileRef = 00AD98AA2E6A1DBC007DA79A /* MovieAPIModel.swift */; };
		00AD98AF2E6A1E3D007DA79A /* APIService.swift in Sources */ = {isa = PBXBuildFile; fileRef = 00AD98AE2E6A1E3D007DA79A /* APIService.swift */; };
		00AD98B12E6B2227007DA79A /* MovieDataModel.swift in Sources */ = {isa = PBXBuildFile; fileRef = 00AD98B02E6B2227007DA79A /* MovieDataModel.swift */; };
		00AD98B62E6B2D80007DA79A /* ListMovieViewModel.swift in Sources */ = {isa = PBXBuildFile; fileRef = 00AD98B52E6B2D80007DA79A /* ListMovieViewModel.swift */; };
/* End PBXBuildFile section */

/* Begin PBXFileReference section */
		000C687E2E6A119E00A25BBA /* StudioGhibli-2.0.app */ = {isa = PBXFileReference; explicitFileType = wrapper.application; includeInIndex = 0; path = "StudioGhibli-2.0.app"; sourceTree = BUILT_PRODUCTS_DIR; };
		000C68812E6A119E00A25BBA /* StudioGhibli_2_0App.swift */ = {isa = PBXFileReference; lastKnownFileType = sourcecode.swift; path = StudioGhibli_2_0App.swift; sourceTree = "<group>"; };
		000C68832E6A119E00A25BBA /* ContentView.swift */ = {isa = PBXFileReference; lastKnownFileType = sourcecode.swift; path = ContentView.swift; sourceTree = "<group>"; };
		000C68852E6A11A000A25BBA /* Assets.xcassets */ = {isa = PBXFileReference; lastKnownFileType = folder.assetcatalog; path = Assets.xcassets; sourceTree = "<group>"; };
		000C68882E6A11A000A25BBA /* Preview Assets.xcassets */ = {isa = PBXFileReference; lastKnownFileType = folder.assetcatalog; path = "Preview Assets.xcassets"; sourceTree = "<group>"; };
		0075FA7F2E6B6FDD0004540A /* MovieRowView.swift */ = {isa = PBXFileReference; lastKnownFileType = sourcecode.swift; path = MovieRowView.swift; sourceTree = "<group>"; };
		00AD98AA2E6A1DBC007DA79A /* MovieAPIModel.swift */ = {isa = PBXFileReference; lastKnownFileType = sourcecode.swift; path = MovieAPIModel.swift; sourceTree = "<group>"; };
		00AD98AE2E6A1E3D007DA79A /* APIService.swift */ = {isa = PBXFileReference; lastKnownFileType = sourcecode.swift; path = APIService.swift; sourceTree = "<group>"; };
		00AD98B02E6B2227007DA79A /* MovieDataModel.swift */ = {isa = PBXFileReference; lastKnownFileType = sourcecode.swift; path = MovieDataModel.swift; sourceTree = "<group>"; };
		00AD98B52E6B2D80007DA79A /* ListMovieViewModel.swift */ = {isa = PBXFileReference; lastKnownFileType = sourcecode.swift; path = ListMovieViewModel.swift; sourceTree = "<group>"; };
/* End PBXFileReference section */

/* Begin PBXFrameworksBuildPhase section */
		000C687B2E6A119E00A25BBA /* Frameworks */ = {
			isa = PBXFrameworksBuildPhase;
			buildActionMask = 2147483647;
			files = (
			);
			runOnlyForDeploymentPostprocessing = 0;
		};
/* End PBXFrameworksBuildPhase section */

/* Begin PBXGroup section */
		000C68752E6A119E00A25BBA = {
			isa = PBXGroup;
			children = (
				000C68802E6A119E00A25BBA /* StudioGhibli-2.0 */,
				000C687F2E6A119E00A25BBA /* Products */,
			);
			sourceTree = "<group>";
		};
		000C687F2E6A119E00A25BBA /* Products */ = {
			isa = PBXGroup;
			children = (
				000C687E2E6A119E00A25BBA /* StudioGhibli-2.0.app */,
			);
			name = Products;
			sourceTree = "<group>";
		};
		000C68802E6A119E00A25BBA /* StudioGhibli-2.0 */ = {
			isa = PBXGroup;
			children = (
				000C68812E6A119E00A25BBA /* StudioGhibli_2_0App.swift */,
				000C68902E6A17FB00A25BBA /* Service */,
				000C688F2E6A17F300A25BBA /* Features */,
				000C68852E6A11A000A25BBA /* Assets.xcassets */,
				000C68872E6A11A000A25BBA /* Preview Content */,
			);
			path = "StudioGhibli-2.0";
			sourceTree = "<group>";
		};
		000C68872E6A11A000A25BBA /* Preview Content */ = {
			isa = PBXGroup;
			children = (
				000C68882E6A11A000A25BBA /* Preview Assets.xcassets */,
			);
			path = "Preview Content";
			sourceTree = "<group>";
		};
		000C688F2E6A17F300A25BBA /* Features */ = {
			isa = PBXGroup;
			children = (
				000C68932E6A181500A25BBA /* DetailsMovieView */,
				000C68922E6A180D00A25BBA /* ListMovieView */,
				000C68912E6A180500A25BBA /* SplashView */,
			);
			path = Features;
			sourceTree = "<group>";
		};
		000C68902E6A17FB00A25BBA /* Service */ = {
			isa = PBXGroup;
			children = (
				00AD98B72E6B5EAE007DA79A /* APIService */,
				00AD98A92E6A1DA7007DA79A /* Model */,
			);
			path = Service;
			sourceTree = "<group>";
		};
		000C68912E6A180500A25BBA /* SplashView */ = {
			isa = PBXGroup;
			children = (
			);
			path = SplashView;
			sourceTree = "<group>";
		};
		000C68922E6A180D00A25BBA /* ListMovieView */ = {
			isa = PBXGroup;
			children = (
				00AD98B42E6B2D4A007DA79A /* ViewModel */,
				00AD98B32E6B2D45007DA79A /* View */,
				00AD98B22E6B2D3E007DA79A /* Model */,
			);
			path = ListMovieView;
			sourceTree = "<group>";
		};
		000C68932E6A181500A25BBA /* DetailsMovieView */ = {
			isa = PBXGroup;
			children = (
			);
			path = DetailsMovieView;
			sourceTree = "<group>";
		};
		00AD98A92E6A1DA7007DA79A /* Model */ = {
			isa = PBXGroup;
			children = (
				00AD98AA2E6A1DBC007DA79A /* MovieAPIModel.swift */,
				00AD98B02E6B2227007DA79A /* MovieDataModel.swift */,
			);
			path = Model;
			sourceTree = "<group>";
		};
		00AD98B22E6B2D3E007DA79A /* Model */ = {
			isa = PBXGroup;
			children = (
			);
			path = Model;
			sourceTree = "<group>";
		};
		00AD98B32E6B2D45007DA79A /* View */ = {
			isa = PBXGroup;
			children = (
				000C68832E6A119E00A25BBA /* ContentView.swift */,
				0075FA7F2E6B6FDD0004540A /* MovieRowView.swift */,
			);
			path = View;
			sourceTree = "<group>";
		};
		00AD98B42E6B2D4A007DA79A /* ViewModel */ = {
			isa = PBXGroup;
			children = (
				00AD98B52E6B2D80007DA79A /* ListMovieViewModel.swift */,
			);
			path = ViewModel;
			sourceTree = "<group>";
		};
		00AD98B72E6B5EAE007DA79A /* APIService */ = {
			isa = PBXGroup;
			children = (
				00AD98AE2E6A1E3D007DA79A /* APIService.swift */,
			);
			path = APIService;
			sourceTree = "<group>";
		};
/* End PBXGroup section */

/* Begin PBXNativeTarget section */
		000C687D2E6A119E00A25BBA /* StudioGhibli-2.0 */ = {
			isa = PBXNativeTarget;
			buildConfigurationList = 000C688C2E6A11A000A25BBA /* Build configuration list for PBXNativeTarget "StudioGhibli-2.0" */;
			buildPhases = (
				000C687A2E6A119E00A25BBA /* Sources */,
				000C687B2E6A119E00A25BBA /* Frameworks */,
				000C687C2E6A119E00A25BBA /* Resources */,
			);
			buildRules = (
			);
			dependencies = (
			);
			name = "StudioGhibli-2.0";
			productName = "StudioGhibli-2.0";
			productReference = 000C687E2E6A119E00A25BBA /* StudioGhibli-2.0.app */;
			productType = "com.apple.product-type.application";
		};
/* End PBXNativeTarget section */

/* Begin PBXProject section */
		000C68762E6A119E00A25BBA /* Project object */ = {
			isa = PBXProject;
			attributes = {
				BuildIndependentTargetsInParallel = 1;
				LastSwiftUpdateCheck = 1420;
				LastUpgradeCheck = 1420;
				TargetAttributes = {
					000C687D2E6A119E00A25BBA = {
						CreatedOnToolsVersion = 14.2;
					};
				};
			};
			buildConfigurationList = 000C68792E6A119E00A25BBA /* Build configuration list for PBXProject "StudioGhibli-2.0" */;
			compatibilityVersion = "Xcode 14.0";
			developmentRegion = en;
			hasScannedForEncodings = 0;
			knownRegions = (
				en,
				Base,
			);
			mainGroup = 000C68752E6A119E00A25BBA;
			productRefGroup = 000C687F2E6A119E00A25BBA /* Products */;
			projectDirPath = "";
			projectRoot = "";
			targets = (
				000C687D2E6A119E00A25BBA /* StudioGhibli-2.0 */,
			);
		};
/* End PBXProject section */

/* Begin PBXResourcesBuildPhase section */
		000C687C2E6A119E00A25BBA /* Resources */ = {
			isa = PBXResourcesBuildPhase;
			buildActionMask = 2147483647;
			files = (
				000C68892E6A11A000A25BBA /* Preview Assets.xcassets in Resources */,
				000C68862E6A11A000A25BBA /* Assets.xcassets in Resources */,
			);
			runOnlyForDeploymentPostprocessing = 0;
		};
/* End PBXResourcesBuildPhase section */

/* Begin PBXSourcesBuildPhase section */
		000C687A2E6A119E00A25BBA /* Sources */ = {
			isa = PBXSourcesBuildPhase;
			buildActionMask = 2147483647;
			files = (
				00AD98AF2E6A1E3D007DA79A /* APIService.swift in Sources */,
				00AD98B62E6B2D80007DA79A /* ListMovieViewModel.swift in Sources */,
				000C68842E6A119E00A25BBA /* ContentView.swift in Sources */,
				0075FA802E6B6FDD0004540A /* MovieRowView.swift in Sources */,
				00AD98AB2E6A1DBC007DA79A /* MovieAPIModel.swift in Sources */,
				00AD98B12E6B2227007DA79A /* MovieDataModel.swift in Sources */,
				000C68822E6A119E00A25BBA /* StudioGhibli_2_0App.swift in Sources */,
			);
			runOnlyForDeploymentPostprocessing = 0;
		};
/* End PBXSourcesBuildPhase section */

/* Begin XCBuildConfiguration section */
		000C688A2E6A11A000A25BBA /* Debug */ = {
			isa = XCBuildConfiguration;
			buildSettings = {
				ALWAYS_SEARCH_USER_PATHS = NO;
				CLANG_ANALYZER_NONNULL = YES;
				CLANG_ANALYZER_NUMBER_OBJECT_CONVERSION = YES_AGGRESSIVE;
				CLANG_CXX_LANGUAGE_STANDARD = "gnu++20";
				CLANG_ENABLE_MODULES = YES;
				CLANG_ENABLE_OBJC_ARC = YES;
				CLANG_ENABLE_OBJC_WEAK = YES;
				CLANG_WARN_BLOCK_CAPTURE_AUTORELEASING = YES;
				CLANG_WARN_BOOL_CONVERSION = YES;
				CLANG_WARN_COMMA = YES;
				CLANG_WARN_CONSTANT_CONVERSION = YES;
				CLANG_WARN_DEPRECATED_OBJC_IMPLEMENTATIONS = YES;
				CLANG_WARN_DIRECT_OBJC_ISA_USAGE = YES_ERROR;
				CLANG_WARN_DOCUMENTATION_COMMENTS = YES;
				CLANG_WARN_EMPTY_BODY = YES;
				CLANG_WARN_ENUM_CONVERSION = YES;
				CLANG_WARN_INFINITE_RECURSION = YES;
				CLANG_WARN_INT_CONVERSION = YES;
				CLANG_WARN_NON_LITERAL_NULL_CONVERSION = YES;
				CLANG_WARN_OBJC_IMPLICIT_RETAIN_SELF = YES;
				CLANG_WARN_OBJC_LITERAL_CONVERSION = YES;
				CLANG_WARN_OBJC_ROOT_CLASS = YES_ERROR;
				CLANG_WARN_QUOTED_INCLUDE_IN_FRAMEWORK_HEADER = YES;
				CLANG_WARN_RANGE_LOOP_ANALYSIS = YES;
				CLANG_WARN_STRICT_PROTOTYPES = YES;
				CLANG_WARN_SUSPICIOUS_MOVE = YES;
				CLANG_WARN_UNGUARDED_AVAILABILITY = YES_AGGRESSIVE;
				CLANG_WARN_UNREACHABLE_CODE = YES;
				CLANG_WARN__DUPLICATE_METHOD_MATCH = YES;
				COPY_PHASE_STRIP = NO;
				DEBUG_INFORMATION_FORMAT = dwarf;
				ENABLE_STRICT_OBJC_MSGSEND = YES;
				ENABLE_TESTABILITY = YES;
				GCC_C_LANGUAGE_STANDARD = gnu11;
				GCC_DYNAMIC_NO_PIC = NO;
				GCC_NO_COMMON_BLOCKS = YES;
				GCC_OPTIMIZATION_LEVEL = 0;
				GCC_PREPROCESSOR_DEFINITIONS = (
					"DEBUG=1",
					"$(inherited)",
				);
				GCC_WARN_64_TO_32_BIT_CONVERSION = YES;
				GCC_WARN_ABOUT_RETURN_TYPE = YES_ERROR;
				GCC_WARN_UNDECLARED_SELECTOR = YES;
				GCC_WARN_UNINITIALIZED_AUTOS = YES_AGGRESSIVE;
				GCC_WARN_UNUSED_FUNCTION = YES;
				GCC_WARN_UNUSED_VARIABLE = YES;
				IPHONEOS_DEPLOYMENT_TARGET = 16.2;
				MTL_ENABLE_DEBUG_INFO = INCLUDE_SOURCE;
				MTL_FAST_MATH = YES;
				ONLY_ACTIVE_ARCH = YES;
				SDKROOT = iphoneos;
				SWIFT_ACTIVE_COMPILATION_CONDITIONS = DEBUG;
				SWIFT_OPTIMIZATION_LEVEL = "-Onone";
			};
			name = Debug;
		};
		000C688B2E6A11A000A25BBA /* Release */ = {
			isa = XCBuildConfiguration;
			buildSettings = {
				ALWAYS_SEARCH_USER_PATHS = NO;
				CLANG_ANALYZER_NONNULL = YES;
				CLANG_ANALYZER_NUMBER_OBJECT_CONVERSION = YES_AGGRESSIVE;
				CLANG_CXX_LANGUAGE_STANDARD = "gnu++20";
				CLANG_ENABLE_MODULES = YES;
				CLANG_ENABLE_OBJC_ARC = YES;
				CLANG_ENABLE_OBJC_WEAK = YES;
				CLANG_WARN_BLOCK_CAPTURE_AUTORELEASING = YES;
				CLANG_WARN_BOOL_CONVERSION = YES;
				CLANG_WARN_COMMA = YES;
				CLANG_WARN_CONSTANT_CONVERSION = YES;
				CLANG_WARN_DEPRECATED_OBJC_IMPLEMENTATIONS = YES;
				CLANG_WARN_DIRECT_OBJC_ISA_USAGE = YES_ERROR;
				CLANG_WARN_DOCUMENTATION_COMMENTS = YES;
				CLANG_WARN_EMPTY_BODY = YES;
				CLANG_WARN_ENUM_CONVERSION = YES;
				CLANG_WARN_INFINITE_RECURSION = YES;
				CLANG_WARN_INT_CONVERSION = YES;
				CLANG_WARN_NON_LITERAL_NULL_CONVERSION = YES;
				CLANG_WARN_OBJC_IMPLICIT_RETAIN_SELF = YES;
				CLANG_WARN_OBJC_LITERAL_CONVERSION = YES;
				CLANG_WARN_OBJC_ROOT_CLASS = YES_ERROR;
				CLANG_WARN_QUOTED_INCLUDE_IN_FRAMEWORK_HEADER = YES;
				CLANG_WARN_RANGE_LOOP_ANALYSIS = YES;
				CLANG_WARN_STRICT_PROTOTYPES = YES;
				CLANG_WARN_SUSPICIOUS_MOVE = YES;
				CLANG_WARN_UNGUARDED_AVAILABILITY = YES_AGGRESSIVE;
				CLANG_WARN_UNREACHABLE_CODE = YES;
				CLANG_WARN__DUPLICATE_METHOD_MATCH = YES;
				COPY_PHASE_STRIP = NO;
				DEBUG_INFORMATION_FORMAT = "dwarf-with-dsym";
				ENABLE_NS_ASSERTIONS = NO;
				ENABLE_STRICT_OBJC_MSGSEND = YES;
				GCC_C_LANGUAGE_STANDARD = gnu11;
				GCC_NO_COMMON_BLOCKS = YES;
				GCC_WARN_64_TO_32_BIT_CONVERSION = YES;
				GCC_WARN_ABOUT_RETURN_TYPE = YES_ERROR;
				GCC_WARN_UNDECLARED_SELECTOR = YES;
				GCC_WARN_UNINITIALIZED_AUTOS = YES_AGGRESSIVE;
				GCC_WARN_UNUSED_FUNCTION = YES;
				GCC_WARN_UNUSED_VARIABLE = YES;
				IPHONEOS_DEPLOYMENT_TARGET = 16.2;
				MTL_ENABLE_DEBUG_INFO = NO;
				MTL_FAST_MATH = YES;
				SDKROOT = iphoneos;
				SWIFT_COMPILATION_MODE = wholemodule;
				SWIFT_OPTIMIZATION_LEVEL = "-O";
				VALIDATE_PRODUCT = YES;
			};
			name = Release;
		};
		000C688D2E6A11A000A25BBA /* Debug */ = {
			isa = XCBuildConfiguration;
			buildSettings = {
				ASSETCATALOG_COMPILER_APPICON_NAME = AppIcon;
				ASSETCATALOG_COMPILER_GLOBAL_ACCENT_COLOR_NAME = AccentColor;
				CODE_SIGN_STYLE = Automatic;
				CURRENT_PROJECT_VERSION = 1;
				DEVELOPMENT_ASSET_PATHS = "\"StudioGhibli-2.0/Preview Content\"";
				DEVELOPMENT_TEAM = 8K2659L5G2;
				ENABLE_PREVIEWS = YES;
				GENERATE_INFOPLIST_FILE = YES;
				INFOPLIST_KEY_LSApplicationCategoryType = "public.app-category.education";
				INFOPLIST_KEY_UIApplicationSceneManifest_Generation = YES;
				INFOPLIST_KEY_UIApplicationSupportsIndirectInputEvents = YES;
				INFOPLIST_KEY_UILaunchScreen_Generation = YES;
				INFOPLIST_KEY_UISupportedInterfaceOrientations = UIInterfaceOrientationPortrait;
				LD_RUNPATH_SEARCH_PATHS = (
					"$(inherited)",
					"@executable_path/Frameworks",
				);
				MARKETING_VERSION = 1.0;
				PRODUCT_BUNDLE_IDENTIFIER = "biancabutti.StudioGhibli-2-0";
				PRODUCT_NAME = "$(TARGET_NAME)";
				SUPPORTED_PLATFORMS = "iphoneos iphonesimulator";
				SUPPORTS_MACCATALYST = NO;
				SUPPORTS_MAC_DESIGNED_FOR_IPHONE_IPAD = NO;
				SWIFT_EMIT_LOC_STRINGS = YES;
				SWIFT_VERSION = 5.0;
				TARGETED_DEVICE_FAMILY = "1,2";
			};
			name = Debug;
		};
		000C688E2E6A11A000A25BBA /* Release */ = {
			isa = XCBuildConfiguration;
			buildSettings = {
				ASSETCATALOG_COMPILER_APPICON_NAME = AppIcon;
				ASSETCATALOG_COMPILER_GLOBAL_ACCENT_COLOR_NAME = AccentColor;
				CODE_SIGN_STYLE = Automatic;
				CURRENT_PROJECT_VERSION = 1;
				DEVELOPMENT_ASSET_PATHS = "\"StudioGhibli-2.0/Preview Content\"";
				DEVELOPMENT_TEAM = 8K2659L5G2;
				ENABLE_PREVIEWS = YES;
				GENERATE_INFOPLIST_FILE = YES;
				INFOPLIST_KEY_LSApplicationCategoryType = "public.app-category.education";
				INFOPLIST_KEY_UIApplicationSceneManifest_Generation = YES;
				INFOPLIST_KEY_UIApplicationSupportsIndirectInputEvents = YES;
				INFOPLIST_KEY_UILaunchScreen_Generation = YES;
				INFOPLIST_KEY_UISupportedInterfaceOrientations = UIInterfaceOrientationPortrait;
				LD_RUNPATH_SEARCH_PATHS = (
					"$(inherited)",
					"@executable_path/Frameworks",
				);
				MARKETING_VERSION = 1.0;
				PRODUCT_BUNDLE_IDENTIFIER = "biancabutti.StudioGhibli-2-0";
				PRODUCT_NAME = "$(TARGET_NAME)";
				SUPPORTED_PLATFORMS = "iphoneos iphonesimulator";
				SUPPORTS_MACCATALYST = NO;
				SUPPORTS_MAC_DESIGNED_FOR_IPHONE_IPAD = NO;
				SWIFT_EMIT_LOC_STRINGS = YES;
				SWIFT_VERSION = 5.0;
				TARGETED_DEVICE_FAMILY = "1,2";
			};
			name = Release;
		};
/* End XCBuildConfiguration section */

/* Begin XCConfigurationList section */
		000C68792E6A119E00A25BBA /* Build configuration list for PBXProject "StudioGhibli-2.0" */ = {
			isa = XCConfigurationList;
			buildConfigurations = (
				000C688A2E6A11A000A25BBA /* Debug */,
				000C688B2E6A11A000A25BBA /* Release */,
			);
			defaultConfigurationIsVisible = 0;
			defaultConfigurationName = Release;
		};
		000C688C2E6A11A000A25BBA /* Build configuration list for PBXNativeTarget "StudioGhibli-2.0" */ = {
			isa = XCConfigurationList;
			buildConfigurations = (
				000C688D2E6A11A000A25BBA /* Debug */,
				000C688E2E6A11A000A25BBA /* Release */,
			);
			defaultConfigurationIsVisible = 0;
			defaultConfigurationName = Release;
		};
/* End XCConfigurationList section */
	};
	rootObject = 000C68762E6A119E00A25BBA /* Project object */;
}
